
Microsoft Visual Studio Solution File, Format Version 11.00
# Visual Studio 2010
Project("{FAE04EC0-301F-11D3-BF4B-00C04F79EFBC}") = "Sample Project", "Sample Project\Sample Project.csproj", "{6143FC91-68EC-4C47-B7F6-B2C60C4AED34}"
EndProject
Global
	GlobalSection(SolutionConfigurationPlatforms) = preSolution
		Debug|Any CPU = Debug|Any CPU
		Release|Any CPU = Release|Any CPU
	EndGlobalSection
	GlobalSection(ProjectConfigurationPlatforms) = postSolution
		{6143FC91-68EC-4C47-B7F6-B2C60C4AED34}.Debug|Any CPU.ActiveCfg = Debug|Any CPU
		{6143FC91-68EC-4C47-B7F6-B2C60C4AED34}.Debug|Any CPU.Build.0 = Debug|Any CPU
		{6143FC91-68EC-4C47-B7F6-B2C60C4AED34}.Release|Any CPU.ActiveCfg = Release|Any CPU
		{6143FC91-68EC-4C47-B7F6-B2C60C4AED34}.Release|Any CPU.Build.0 = Release|Any CPU
	EndGlobalSection
	GlobalSection(SolutionProperties) = preSolution
		HideSolutionNode = FALSE
	EndGlobalSection
EndGlobal
